
Microsoft Visual Studio Solution File, Format Version 12.00
# Visual Studio 15
VisualStudioVersion = 15.0.27130.2027
MinimumVisualStudioVersion = 10.0.40219.1
Project("{FAE04EC0-301F-11D3-BF4B-00C04F79EFBC}") = "Boletas", "Boletas\Boletas.csproj", "{C0B63937-4FBB-48DA-814B-0B51292F4F27}"
EndProject
Project("{FAE04EC0-301F-11D3-BF4B-00C04F79EFBC}") = "Boletas.DAL", "Boletas.DAL\Boletas.DAL.csproj", "{E198A2AB-A265-4321-8C6D-DB7E7893BAA7}"
EndProject
Project("{FAE04EC0-301F-11D3-BF4B-00C04F79EFBC}") = "Boletas.BOL", "Boletas.BOL\Boletas.BOL.csproj", "{1DDD61F3-CA05-4FD3-93E9-3326FE8DCC0B}"
EndProject
Global
	GlobalSection(SolutionConfigurationPlatforms) = preSolution
		Debug|Any CPU = Debug|Any CPU
		Release|Any CPU = Release|Any CPU
	EndGlobalSection
	GlobalSection(ProjectConfigurationPlatforms) = postSolution
		{C0B63937-4FBB-48DA-814B-0B51292F4F27}.Debug|Any CPU.ActiveCfg = Debug|Any CPU
		{C0B63937-4FBB-48DA-814B-0B51292F4F27}.Debug|Any CPU.Build.0 = Debug|Any CPU
		{C0B63937-4FBB-48DA-814B-0B51292F4F27}.Release|Any CPU.ActiveCfg = Release|Any CPU
		{C0B63937-4FBB-48DA-814B-0B51292F4F27}.Release|Any CPU.Build.0 = Release|Any CPU
		{E198A2AB-A265-4321-8C6D-DB7E7893BAA7}.Debug|Any CPU.ActiveCfg = Debug|Any CPU
		{E198A2AB-A265-4321-8C6D-DB7E7893BAA7}.Debug|Any CPU.Build.0 = Debug|Any CPU
		{E198A2AB-A265-4321-8C6D-DB7E7893BAA7}.Release|Any CPU.ActiveCfg = Release|Any CPU
		{E198A2AB-A265-4321-8C6D-DB7E7893BAA7}.Release|Any CPU.Build.0 = Release|Any CPU
		{1DDD61F3-CA05-4FD3-93E9-3326FE8DCC0B}.Debug|Any CPU.ActiveCfg = Debug|Any CPU
		{1DDD61F3-CA05-4FD3-93E9-3326FE8DCC0B}.Debug|Any CPU.Build.0 = Debug|Any CPU
		{1DDD61F3-CA05-4FD3-93E9-3326FE8DCC0B}.Release|Any CPU.ActiveCfg = Release|Any CPU
		{1DDD61F3-CA05-4FD3-93E9-3326FE8DCC0B}.Release|Any CPU.Build.0 = Release|Any CPU
	EndGlobalSection
	GlobalSection(SolutionProperties) = preSolution
		HideSolutionNode = FALSE
	EndGlobalSection
	GlobalSection(ExtensibilityGlobals) = postSolution
		SolutionGuid = {BED51E65-CD97-4E0D-86CD-13FE97E9E742}
	EndGlobalSection
EndGlobal
